PODS:
  - AFNetworking (3.1.0):
    - AFNetworking/NSURLSession (= 3.1.0)
    - AFNetworking/Reachability (= 3.1.0)
    - AFNetworking/Security (= 3.1.0)
    - AFNetworking/Serialization (= 3.1.0)
    - AFNetworking/UIKit (= 3.1.0)
  - AFNetworking/NSURLSession (3.1.0):
    - AFNetworking/Reachability
    - AFNetworking/Security
    - AFNetworking/Serialization
  - AFNetworking/Reachability (3.1.0)
  - AFNetworking/Security (3.1.0)
  - AFNetworking/Serialization (3.1.0)
  - AFNetworking/UIKit (3.1.0):
    - AFNetworking/NSURLSession
<<<<<<< HEAD

DEPENDENCIES:
  - AFNetworking

SPEC CHECKSUMS:
  AFNetworking: 5e0e199f73d8626b11e79750991f5d173d1f8b67

PODFILE CHECKSUM: 21224ee9b7aa537a63449a9e673236cbb0fffb66
=======
  - MJExtension (3.0.10)
  - SVProgressHUD (2.0.3)

DEPENDENCIES:
  - AFNetworking
  - MJExtension
  - SVProgressHUD

SPEC CHECKSUMS:
  AFNetworking: 5e0e199f73d8626b11e79750991f5d173d1f8b67
  MJExtension: d86aacb740c87519d20e3cca55b6fa4be6cc7548
  SVProgressHUD: b0830714205bea1317ea1a2ebc71e5633af334d4

PODFILE CHECKSUM: f7d702bb20422cabb1f2e0adcce243b4dc99850f
>>>>>>> b7e5bd5583afefdec99b56ec91cc7dec9e1e4efd

COCOAPODS: 1.0.0
